
Microsoft Visual Studio Solution File, Format Version 12.00
# Visual Studio Version 16
VisualStudioVersion = 16.0.29709.97
MinimumVisualStudioVersion = 10.0.40219.1
Project("{FAE04EC0-301F-11D3-BF4B-00C04F79EFBC}") = "DiceRoller", "DiceRoller\DiceRoller.csproj", "{663A2541-37D2-4AEB-9A91-E7CEC107B8E1}"
EndProject
Global
	GlobalSection(SolutionConfigurationPlatforms) = preSolution
		Debug|Any CPU = Debug|Any CPU
		Release|Any CPU = Release|Any CPU
	EndGlobalSection
	GlobalSection(ProjectConfigurationPlatforms) = postSolution
		{663A2541-37D2-4AEB-9A91-E7CEC107B8E1}.Debug|Any CPU.ActiveCfg = Debug|Any CPU
		{663A2541-37D2-4AEB-9A91-E7CEC107B8E1}.Debug|Any CPU.Build.0 = Debug|Any CPU
		{663A2541-37D2-4AEB-9A91-E7CEC107B8E1}.Release|Any CPU.ActiveCfg = Release|Any CPU
		{663A2541-37D2-4AEB-9A91-E7CEC107B8E1}.Release|Any CPU.Build.0 = Release|Any CPU
	EndGlobalSection
	GlobalSection(SolutionProperties) = preSolution
		HideSolutionNode = FALSE
	EndGlobalSection
	GlobalSection(ExtensibilityGlobals) = postSolution
		SolutionGuid = {2C28166D-6CDF-414D-A97D-2B8ADE73E7BD}
	EndGlobalSection
EndGlobal
